
Microsoft Visual Studio Solution File, Format Version 12.00
# Visual Studio Version 17
VisualStudioVersion = 17.0.31919.166
MinimumVisualStudioVersion = 10.0.40219.1
Project("{9A19103F-16F7-4668-BE54-9A1E7A4F7556}") = "Application", "src\Application\Application.csproj", "{A95E981E-1A25-4AB7-A03C-4883868D4EC6}"
EndProject
Project("{2150E333-8FDC-42A3-9474-1A3956D46DE8}") = "src", "src", "{A7B94AC9-2AC7-48A2-89B6-0E4C0223C908}"
EndProject
Project("{2150E333-8FDC-42A3-9474-1A3956D46DE8}") = "1 - Application", "1 - Application", "{79EB642E-385D-40F4-BE34-FBBD23E8D33D}"
EndProject
Project("{2150E333-8FDC-42A3-9474-1A3956D46DE8}") = "2 - Domain", "2 - Domain", "{3A00054B-050C-4181-93C3-151E8665C16F}"
EndProject
Project("{2150E333-8FDC-42A3-9474-1A3956D46DE8}") = "3 - Service", "3 - Service", "{FA0DCF75-6901-4076-A1AB-59AB3C6D9C1C}"
EndProject
Project("{2150E333-8FDC-42A3-9474-1A3956D46DE8}") = "4 - Infra", "4 - Infra", "{C4FE6F69-06E0-497B-90FF-D2C6400C2A13}"
EndProject
Project("{9A19103F-16F7-4668-BE54-9A1E7A4F7556}") = "Domain", "src\Domain\Domain.csproj", "{023718F7-D323-43A4-8144-DF4003B44B29}"
EndProject
Project("{9A19103F-16F7-4668-BE54-9A1E7A4F7556}") = "Service", "src\Service\Service.csproj", "{C2B79FC1-C421-47B2-B800-AE78DE0ADAF4}"
EndProject
Project("{9A19103F-16F7-4668-BE54-9A1E7A4F7556}") = "Repository", "src\Infra\Repository.csproj", "{20C916E1-62AC-49D1-95D1-93AFA95D34E6}"
EndProject
Global
	GlobalSection(SolutionConfigurationPlatforms) = preSolution
		Debug|Any CPU = Debug|Any CPU
		Release|Any CPU = Release|Any CPU
	EndGlobalSection
	GlobalSection(ProjectConfigurationPlatforms) = postSolution
		{A95E981E-1A25-4AB7-A03C-4883868D4EC6}.Debug|Any CPU.ActiveCfg = Debug|Any CPU
		{A95E981E-1A25-4AB7-A03C-4883868D4EC6}.Debug|Any CPU.Build.0 = Debug|Any CPU
		{A95E981E-1A25-4AB7-A03C-4883868D4EC6}.Release|Any CPU.ActiveCfg = Release|Any CPU
		{A95E981E-1A25-4AB7-A03C-4883868D4EC6}.Release|Any CPU.Build.0 = Release|Any CPU
		{023718F7-D323-43A4-8144-DF4003B44B29}.Debug|Any CPU.ActiveCfg = Debug|Any CPU
		{023718F7-D323-43A4-8144-DF4003B44B29}.Debug|Any CPU.Build.0 = Debug|Any CPU
		{023718F7-D323-43A4-8144-DF4003B44B29}.Release|Any CPU.ActiveCfg = Release|Any CPU
		{023718F7-D323-43A4-8144-DF4003B44B29}.Release|Any CPU.Build.0 = Release|Any CPU
		{C2B79FC1-C421-47B2-B800-AE78DE0ADAF4}.Debug|Any CPU.ActiveCfg = Debug|Any CPU
		{C2B79FC1-C421-47B2-B800-AE78DE0ADAF4}.Debug|Any CPU.Build.0 = Debug|Any CPU
		{C2B79FC1-C421-47B2-B800-AE78DE0ADAF4}.Release|Any CPU.ActiveCfg = Release|Any CPU
		{C2B79FC1-C421-47B2-B800-AE78DE0ADAF4}.Release|Any CPU.Build.0 = Release|Any CPU
		{20C916E1-62AC-49D1-95D1-93AFA95D34E6}.Debug|Any CPU.ActiveCfg = Debug|Any CPU
		{20C916E1-62AC-49D1-95D1-93AFA95D34E6}.Debug|Any CPU.Build.0 = Debug|Any CPU
		{20C916E1-62AC-49D1-95D1-93AFA95D34E6}.Release|Any CPU.ActiveCfg = Release|Any CPU
		{20C916E1-62AC-49D1-95D1-93AFA95D34E6}.Release|Any CPU.Build.0 = Release|Any CPU
	EndGlobalSection
	GlobalSection(SolutionProperties) = preSolution
		HideSolutionNode = FALSE
	EndGlobalSection
	GlobalSection(NestedProjects) = preSolution
		{A95E981E-1A25-4AB7-A03C-4883868D4EC6} = {79EB642E-385D-40F4-BE34-FBBD23E8D33D}
		{79EB642E-385D-40F4-BE34-FBBD23E8D33D} = {A7B94AC9-2AC7-48A2-89B6-0E4C0223C908}
		{3A00054B-050C-4181-93C3-151E8665C16F} = {A7B94AC9-2AC7-48A2-89B6-0E4C0223C908}
		{FA0DCF75-6901-4076-A1AB-59AB3C6D9C1C} = {A7B94AC9-2AC7-48A2-89B6-0E4C0223C908}
		{C4FE6F69-06E0-497B-90FF-D2C6400C2A13} = {A7B94AC9-2AC7-48A2-89B6-0E4C0223C908}
		{023718F7-D323-43A4-8144-DF4003B44B29} = {3A00054B-050C-4181-93C3-151E8665C16F}
		{C2B79FC1-C421-47B2-B800-AE78DE0ADAF4} = {FA0DCF75-6901-4076-A1AB-59AB3C6D9C1C}
		{20C916E1-62AC-49D1-95D1-93AFA95D34E6} = {C4FE6F69-06E0-497B-90FF-D2C6400C2A13}
	EndGlobalSection
	GlobalSection(ExtensibilityGlobals) = postSolution
		SolutionGuid = {58F93F10-630A-4D65-9468-F2012136D9DD}
	EndGlobalSection
EndGlobal
